
Microsoft Visual Studio Solution File, Format Version 12.00
# Visual Studio 15
VisualStudioVersion = 15.0.28307.106
MinimumVisualStudioVersion = 10.0.40219.1
Project("{9A19103F-16F7-4668-BE54-9A1E7A4F7556}") = "TravelAppCore", "TravelAppCore\TravelAppCore.csproj", "{AF5FA7F6-BC3C-41F9-AE6E-A9333A7840A9}"
EndProject
Project("{FAE04EC0-301F-11D3-BF4B-00C04F79EFBC}") = "TravelAppInfrastructure", "TravelAppInfrastructure\TravelAppInfrastructure.csproj", "{2778B79F-1846-43DE-AC95-C063E0C2866B}"
EndProject
Project("{FAE04EC0-301F-11D3-BF4B-00C04F79EFBC}") = "Tester", "Tester\Tester.csproj", "{806F6D7A-A809-445F-A023-C86D8A5B5A5B}"
EndProject
Project("{9A19103F-16F7-4668-BE54-9A1E7A4F7556}") = "Services", "Services\Services.csproj", "{B908F0CF-74C8-4B1E-AA74-9A120652579F}"
EndProject
Project("{FAE04EC0-301F-11D3-BF4B-00C04F79EFBC}") = "TravelAppWpf", "TravelAppWpf\TravelAppWpf.csproj", "{6B1950F7-4543-4F51-AB8F-9223F538980E}"
EndProject
Global
	GlobalSection(SolutionConfigurationPlatforms) = preSolution
		Debug|Any CPU = Debug|Any CPU
		Release|Any CPU = Release|Any CPU
	EndGlobalSection
	GlobalSection(ProjectConfigurationPlatforms) = postSolution
		{AF5FA7F6-BC3C-41F9-AE6E-A9333A7840A9}.Debug|Any CPU.ActiveCfg = Debug|Any CPU
		{AF5FA7F6-BC3C-41F9-AE6E-A9333A7840A9}.Debug|Any CPU.Build.0 = Debug|Any CPU
		{AF5FA7F6-BC3C-41F9-AE6E-A9333A7840A9}.Release|Any CPU.ActiveCfg = Release|Any CPU
		{AF5FA7F6-BC3C-41F9-AE6E-A9333A7840A9}.Release|Any CPU.Build.0 = Release|Any CPU
		{2778B79F-1846-43DE-AC95-C063E0C2866B}.Debug|Any CPU.ActiveCfg = Debug|Any CPU
		{2778B79F-1846-43DE-AC95-C063E0C2866B}.Debug|Any CPU.Build.0 = Debug|Any CPU
		{2778B79F-1846-43DE-AC95-C063E0C2866B}.Release|Any CPU.ActiveCfg = Release|Any CPU
		{2778B79F-1846-43DE-AC95-C063E0C2866B}.Release|Any CPU.Build.0 = Release|Any CPU
		{806F6D7A-A809-445F-A023-C86D8A5B5A5B}.Debug|Any CPU.ActiveCfg = Debug|Any CPU
		{806F6D7A-A809-445F-A023-C86D8A5B5A5B}.Debug|Any CPU.Build.0 = Debug|Any CPU
		{806F6D7A-A809-445F-A023-C86D8A5B5A5B}.Release|Any CPU.ActiveCfg = Release|Any CPU
		{806F6D7A-A809-445F-A023-C86D8A5B5A5B}.Release|Any CPU.Build.0 = Release|Any CPU
		{B908F0CF-74C8-4B1E-AA74-9A120652579F}.Debug|Any CPU.ActiveCfg = Debug|Any CPU
		{B908F0CF-74C8-4B1E-AA74-9A120652579F}.Debug|Any CPU.Build.0 = Debug|Any CPU
		{B908F0CF-74C8-4B1E-AA74-9A120652579F}.Release|Any CPU.ActiveCfg = Release|Any CPU
		{B908F0CF-74C8-4B1E-AA74-9A120652579F}.Release|Any CPU.Build.0 = Release|Any CPU
		{6B1950F7-4543-4F51-AB8F-9223F538980E}.Debug|Any CPU.ActiveCfg = Debug|Any CPU
		{6B1950F7-4543-4F51-AB8F-9223F538980E}.Debug|Any CPU.Build.0 = Debug|Any CPU
		{6B1950F7-4543-4F51-AB8F-9223F538980E}.Release|Any CPU.ActiveCfg = Release|Any CPU
		{6B1950F7-4543-4F51-AB8F-9223F538980E}.Release|Any CPU.Build.0 = Release|Any CPU
	EndGlobalSection
	GlobalSection(SolutionProperties) = preSolution
		HideSolutionNode = FALSE
	EndGlobalSection
	GlobalSection(ExtensibilityGlobals) = postSolution
		SolutionGuid = {6C501E73-DB76-49F6-9669-99F239BD4127}
	EndGlobalSection
EndGlobal
